// !$*UTF8*$!
{
	archiveVersion = 1;
	classes = {
	};
	objectVersion = 48;
	objects = {

/* Begin PBXBuildFile section */
		0377687620454362003BBC05 /* AdhocSDK.a in Frameworks */ = {isa = PBXBuildFile; fileRef = 0377687420454346003BBC05 /* AdhocSDK.a */; };
		0385E7CF20441FB800240AFB /* RNAdhoc.m in Sources */ = {isa = PBXBuildFile; fileRef = 0385E7CE20441FB800240AFB /* RNAdhoc.m */; };
		0385E7D020441FB800240AFB /* RNAdhoc.h in CopyFiles */ = {isa = PBXBuildFile; fileRef = 0385E7CD20441FB800240AFB /* RNAdhoc.h */; };
/* End PBXBuildFile section */

/* Begin PBXCopyFilesBuildPhase section */
		0385E7C820441FB800240AFB /* CopyFiles */ = {
			isa = PBXCopyFilesBuildPhase;
			buildActionMask = 2147483647;
			dstPath = "include/$(PRODUCT_NAME)";
			dstSubfolderSpec = 16;
			files = (
				0385E7D020441FB800240AFB /* RNAdhoc.h in CopyFiles */,
			);
			runOnlyForDeploymentPostprocessing = 0;
		};
/* End PBXCopyFilesBuildPhase section */

/* Begin PBXFileReference section */
		0377687420454346003BBC05 /* AdhocSDK.a */ = {isa = PBXFileReference; lastKnownFileType = archive.ar; path = AdhocSDK.a; sourceTree = "<group>"; };
		037768752045435C003BBC05 /* AdhocSDK.h */ = {isa = PBXFileReference; lastKnownFileType = sourcecode.c.h; path = AdhocSDK.h; sourceTree = "<group>"; };
		0385E7CA20441FB800240AFB /* libRNAdhoc.a */ = {isa = PBXFileReference; explicitFileType = archive.ar; includeInIndex = 0; path = libRNAdhoc.a; sourceTree = BUILT_PRODUCTS_DIR; };
		0385E7CD20441FB800240AFB /* RNAdhoc.h */ = {isa = PBXFileReference; lastKnownFileType = sourcecode.c.h; path = RNAdhoc.h; sourceTree = "<group>"; };
		0385E7CE20441FB800240AFB /* RNAdhoc.m */ = {isa = PBXFileReference; lastKnownFileType = sourcecode.c.objc; path = RNAdhoc.m; sourceTree = "<group>"; };
/* End PBXFileReference section */

/* Begin PBXFrameworksBuildPhase section */
		0385E7C720441FB800240AFB /* Frameworks */ = {
			isa = PBXFrameworksBuildPhase;
			buildActionMask = 2147483647;
			files = (
				0377687620454362003BBC05 /* AdhocSDK.a in Frameworks */,
			);
			runOnlyForDeploymentPostprocessing = 0;
		};
/* End PBXFrameworksBuildPhase section */

/* Begin PBXGroup section */
		0385E7C120441FB800240AFB = {
			isa = PBXGroup;
			children = (
				0385E7CC20441FB800240AFB /* RNAdhoc */,
				0385E7CB20441FB800240AFB /* Products */,
				0385E7DE2044230700240AFB /* Frameworks */,
			);
			sourceTree = "<group>";
		};
		0385E7CB20441FB800240AFB /* Products */ = {
			isa = PBXGroup;
			children = (
				0385E7CA20441FB800240AFB /* libRNAdhoc.a */,
			);
			name = Products;
			sourceTree = "<group>";
		};
		0385E7CC20441FB800240AFB /* RNAdhoc */ = {
			isa = PBXGroup;
			children = (
				037768752045435C003BBC05 /* AdhocSDK.h */,
				0377687420454346003BBC05 /* AdhocSDK.a */,
				0385E7CD20441FB800240AFB /* RNAdhoc.h */,
				0385E7CE20441FB800240AFB /* RNAdhoc.m */,
			);
			path = RNAdhoc;
			sourceTree = "<group>";
		};
		0385E7DE2044230700240AFB /* Frameworks */ = {
			isa = PBXGroup;
			children = (
			);
			name = Frameworks;
			sourceTree = "<group>";
		};
/* End PBXGroup section */

/* Begin PBXNativeTarget section */
		0385E7C920441FB800240AFB /* RNAdhoc */ = {
			isa = PBXNativeTarget;
			buildConfigurationList = 0385E7D320441FB800240AFB /* Build configuration list for PBXNativeTarget "RNAdhoc" */;
			buildPhases = (
				0385E7C620441FB800240AFB /* Sources */,
				0385E7C720441FB800240AFB /* Frameworks */,
				0385E7C820441FB800240AFB /* CopyFiles */,
			);
			buildRules = (
			);
			dependencies = (
			);
			name = RNAdhoc;
			productName = RNAdhoc;
			productReference = 0385E7CA20441FB800240AFB /* libRNAdhoc.a */;
			productType = "com.apple.product-type.library.static";
		};
/* End PBXNativeTarget section */

/* Begin PBXProject section */
		0385E7C220441FB800240AFB /* Project object */ = {
			isa = PBXProject;
			attributes = {
				LastUpgradeCheck = 0900;
				ORGANIZATIONNAME = appadhoc;
				TargetAttributes = {
					0385E7C920441FB800240AFB = {
						CreatedOnToolsVersion = 9.0;
						ProvisioningStyle = Automatic;
					};
				};
			};
			buildConfigurationList = 0385E7C520441FB800240AFB /* Build configuration list for PBXProject "RNAdhoc" */;
			compatibilityVersion = "Xcode 8.0";
			developmentRegion = en;
			hasScannedForEncodings = 0;
			knownRegions = (
				en,
			);
			mainGroup = 0385E7C120441FB800240AFB;
			productRefGroup = 0385E7CB20441FB800240AFB /* Products */;
			projectDirPath = "";
			projectRoot = "";
			targets = (
				0385E7C920441FB800240AFB /* RNAdhoc */,
			);
		};
/* End PBXProject section */

/* Begin PBXSourcesBuildPhase section */
		0385E7C620441FB800240AFB /* Sources */ = {
			isa = PBXSourcesBuildPhase;
			buildActionMask = 2147483647;
			files = (
				0385E7CF20441FB800240AFB /* RNAdhoc.m in Sources */,
			);
			runOnlyForDeploymentPostprocessing = 0;
		};
/* End PBXSourcesBuildPhase section */

/* Begin XCBuildConfiguration section */
		0385E7D120441FB800240AFB /* Debug */ = {
			isa = XCBuildConfiguration;
			buildSettings = {
				ALWAYS_SEARCH_USER_PATHS = NO;
				CLANG_ANALYZER_NONNULL = YES;
				CLANG_ANALYZER_NUMBER_OBJECT_CONVERSION = YES_AGGRESSIVE;
				CLANG_CXX_LANGUAGE_STANDARD = "gnu++14";
				CLANG_CXX_LIBRARY = "libc++";
				CLANG_ENABLE_MODULES = YES;
				CLANG_ENABLE_OBJC_ARC = YES;
				CLANG_WARN_BLOCK_CAPTURE_AUTORELEASING = YES;
				CLANG_WARN_BOOL_CONVERSION = YES;
				CLANG_WARN_COMMA = YES;
				CLANG_WARN_CONSTANT_CONVERSION = YES;
				CLANG_WARN_DIRECT_OBJC_ISA_USAGE = YES_ERROR;
				CLANG_WARN_DOCUMENTATION_COMMENTS = YES;
				CLANG_WARN_EMPTY_BODY = YES;
				CLANG_WARN_ENUM_CONVERSION = YES;
				CLANG_WARN_INFINITE_RECURSION = YES;
				CLANG_WARN_INT_CONVERSION = YES;
				CLANG_WARN_NON_LITERAL_NULL_CONVERSION = YES;
				CLANG_WARN_OBJC_LITERAL_CONVERSION = YES;
				CLANG_WARN_OBJC_ROOT_CLASS = YES_ERROR;
				CLANG_WARN_RANGE_LOOP_ANALYSIS = YES;
				CLANG_WARN_STRICT_PROTOTYPES = YES;
				CLANG_WARN_SUSPICIOUS_MOVE = YES;
				CLANG_WARN_UNGUARDED_AVAILABILITY = YES_AGGRESSIVE;
				CLANG_WARN_UNREACHABLE_CODE = YES;
				CLANG_WARN__DUPLICATE_METHOD_MATCH = YES;
				CODE_SIGN_IDENTITY = "iPhone Developer";
				COPY_PHASE_STRIP = NO;
				DEBUG_INFORMATION_FORMAT = dwarf;
				ENABLE_STRICT_OBJC_MSGSEND = YES;
				ENABLE_TESTABILITY = YES;
				GCC_C_LANGUAGE_STANDARD = gnu11;
				GCC_DYNAMIC_NO_PIC = NO;
				GCC_NO_COMMON_BLOCKS = YES;
				GCC_OPTIMIZATION_LEVEL = 0;
				GCC_PREPROCESSOR_DEFINITIONS = (
					"DEBUG=1",
					"$(inherited)",
				);
				GCC_WARN_64_TO_32_BIT_CONVERSION = YES;
				GCC_WARN_ABOUT_RETURN_TYPE = YES_ERROR;
				GCC_WARN_UNDECLARED_SELECTOR = YES;
				GCC_WARN_UNINITIALIZED_AUTOS = YES_AGGRESSIVE;
				GCC_WARN_UNUSED_FUNCTION = YES;
				GCC_WARN_UNUSED_VARIABLE = YES;
				IPHONEOS_DEPLOYMENT_TARGET = 8.0;
				MTL_ENABLE_DEBUG_INFO = YES;
				ONLY_ACTIVE_ARCH = YES;
				SDKROOT = iphoneos;
			};
			name = Debug;
		};
		0385E7D220441FB800240AFB /* Release */ = {
			isa = XCBuildConfiguration;
			buildSettings = {
				ALWAYS_SEARCH_USER_PATHS = NO;
				CLANG_ANALYZER_NONNULL = YES;
				CLANG_ANALYZER_NUMBER_OBJECT_CONVERSION = YES_AGGRESSIVE;
				CLANG_CXX_LANGUAGE_STANDARD = "gnu++14";
				CLANG_CXX_LIBRARY = "libc++";
				CLANG_ENABLE_MODULES = YES;
				CLANG_ENABLE_OBJC_ARC = YES;
				CLANG_WARN_BLOCK_CAPTURE_AUTORELEASING = YES;
				CLANG_WARN_BOOL_CONVERSION = YES;
				CLANG_WARN_COMMA = YES;
				CLANG_WARN_CONSTANT_CONVERSION = YES;
				CLANG_WARN_DIRECT_OBJC_ISA_USAGE = YES_ERROR;
				CLANG_WARN_DOCUMENTATION_COMMENTS = YES;
				CLANG_WARN_EMPTY_BODY = YES;
				CLANG_WARN_ENUM_CONVERSION = YES;
				CLANG_WARN_INFINITE_RECURSION = YES;
				CLANG_WARN_INT_CONVERSION = YES;
				CLANG_WARN_NON_LITERAL_NULL_CONVERSION = YES;
				CLANG_WARN_OBJC_LITERAL_CONVERSION = YES;
				CLANG_WARN_OBJC_ROOT_CLASS = YES_ERROR;
				CLANG_WARN_RANGE_LOOP_ANALYSIS = YES;
				CLANG_WARN_STRICT_PROTOTYPES = YES;
				CLANG_WARN_SUSPICIOUS_MOVE = YES;
				CLANG_WARN_UNGUARDED_AVAILABILITY = YES_AGGRESSIVE;
				CLANG_WARN_UNREACHABLE_CODE = YES;
				CLANG_WARN__DUPLICATE_METHOD_MATCH = YES;
				CODE_SIGN_IDENTITY = "iPhone Developer";
				COPY_PHASE_STRIP = NO;
				DEBUG_INFORMATION_FORMAT = "dwarf-with-dsym";
				ENABLE_NS_ASSERTIONS = NO;
				ENABLE_STRICT_OBJC_MSGSEND = YES;
				GCC_C_LANGUAGE_STANDARD = gnu11;
				GCC_NO_COMMON_BLOCKS = YES;
				GCC_WARN_64_TO_32_BIT_CONVERSION = YES;
				GCC_WARN_ABOUT_RETURN_TYPE = YES_ERROR;
				GCC_WARN_UNDECLARED_SELECTOR = YES;
				GCC_WARN_UNINITIALIZED_AUTOS = YES_AGGRESSIVE;
				GCC_WARN_UNUSED_FUNCTION = YES;
				GCC_WARN_UNUSED_VARIABLE = YES;
				IPHONEOS_DEPLOYMENT_TARGET = 8.0;
				MTL_ENABLE_DEBUG_INFO = NO;
				SDKROOT = iphoneos;
				VALIDATE_PRODUCT = YES;
			};
			name = Release;
		};
		0385E7D420441FB800240AFB /* Debug */ = {
			isa = XCBuildConfiguration;
			buildSettings = {
				CODE_SIGN_STYLE = Automatic;
				DEVELOPMENT_TEAM = CG7D6RH73X;
				FRAMEWORK_SEARCH_PATHS = (
					"$(inherited)",
					"$(PROJECT_DIR)/RNAdhoc",
					"\"$(SRCROOT)/RNAdhoc/AdhocSDK.framework\"",
				);
				HEADER_SEARCH_PATHS = (
					"$(SRCROOT)/../../react-native/React/**",
					"\"$(SRCROOT)/RNAdhoc/AdhocSDK.framework/Headers/AdhocSDK.h\"",
				);
				LIBRARY_SEARCH_PATHS = (
					"$(inherited)",
					"$(PROJECT_DIR)/RNAdhoc",
				);
				ONLY_ACTIVE_ARCH = NO;
				OTHER_LDFLAGS = "-ObjC";
				PRODUCT_NAME = "$(TARGET_NAME)";
				SKIP_INSTALL = YES;
				TARGETED_DEVICE_FAMILY = "1,2";
			};
			name = Debug;
		};
		0385E7D520441FB800240AFB /* Release */ = {
			isa = XCBuildConfiguration;
			buildSettings = {
				CODE_SIGN_STYLE = Automatic;
				DEVELOPMENT_TEAM = CG7D6RH73X;
				FRAMEWORK_SEARCH_PATHS = (
					"$(inherited)",
					"$(PROJECT_DIR)/RNAdhoc",
					"\"$(SRCROOT)/RNAdhoc/AdhocSDK.framework\"",
				);
				HEADER_SEARCH_PATHS = (
					"$(SRCROOT)/../../react-native/React/**",
					"\"$(SRCROOT)/RNAdhoc/AdhocSDK.framework/Headers/AdhocSDK.h\"",
				);
				LIBRARY_SEARCH_PATHS = (
					"$(inherited)",
					"$(PROJECT_DIR)/RNAdhoc",
				);
				ONLY_ACTIVE_ARCH = NO;
				OTHER_LDFLAGS = "-ObjC";
				PRODUCT_NAME = "$(TARGET_NAME)";
				SKIP_INSTALL = YES;
				TARGETED_DEVICE_FAMILY = "1,2";
			};
			name = Release;
		};
/* End XCBuildConfiguration section */

/* Begin XCConfigurationList section */
		0385E7C520441FB800240AFB /* Build configuration list for PBXProject "RNAdhoc" */ = {
			isa = XCConfigurationList;
			buildConfigurations = (
				0385E7D120441FB800240AFB /* Debug */,
				0385E7D220441FB800240AFB /* Release */,
			);
			defaultConfigurationIsVisible = 0;
			defaultConfigurationName = Release;
		};
		0385E7D320441FB800240AFB /* Build configuration list for PBXNativeTarget "RNAdhoc" */ = {
			isa = XCConfigurationList;
			buildConfigurations = (
				0385E7D420441FB800240AFB /* Debug */,
				0385E7D520441FB800240AFB /* Release */,
			);
			defaultConfigurationIsVisible = 0;
			defaultConfigurationName = Release;
		};
/* End XCConfigurationList section */
	};
	rootObject = 0385E7C220441FB800240AFB /* Project object */;
}
